
Microsoft Visual Studio Solution File, Format Version 12.00
# Visual Studio 2013
VisualStudioVersion = 12.0.31101.0
MinimumVisualStudioVersion = 10.0.40219.1
Project("{FAE04EC0-301F-11D3-BF4B-00C04F79EFBC}") = "TalisScrapeTest", "TalisScrapeTest\TalisScrapeTest.csproj", "{32C028A8-0520-4E6F-9BB6-FD78A102B931}"
EndProject
Project("{FAE04EC0-301F-11D3-BF4B-00C04F79EFBC}") = "TalisScrapeTest.Tests", "TalisScrapeTest.Tests\TalisScrapeTest.Tests.csproj", "{88829076-EB4F-4333-8FCF-74250436EECE}"
EndProject
Project("{FAE04EC0-301F-11D3-BF4B-00C04F79EFBC}") = "TalisScraper", "TalisScraper\TalisScraper.csproj", "{99BB1500-761D-42AB-993F-74A90FA3129C}"
EndProject
Project("{2150E333-8FDC-42A3-9474-1A3956D46DE8}") = ".nuget", ".nuget", "{82D99A9E-B7D4-4103-8D0E-1939F19F45C0}"
	ProjectSection(SolutionItems) = preProject
		.nuget\packages.config = .nuget\packages.config
	EndProjectSection
EndProject
Project("{FAE04EC0-301F-11D3-BF4B-00C04F79EFBC}") = "Cache", "Cache\Cache.csproj", "{54F0418B-3C09-48F8-A4E6-1AC029BCF039}"
EndProject
Project("{FAE04EC0-301F-11D3-BF4B-00C04F79EFBC}") = "Extensions", "Extensions\Extensions.csproj", "{24C88FB0-8DF0-4DBD-AD73-E4D5B2D172B6}"
EndProject
Project("{FAE04EC0-301F-11D3-BF4B-00C04F79EFBC}") = "TalisScrapeTestWPF", "TalisScrapeTestWPF\TalisScrapeTestWPF.csproj", "{65843AAE-8C18-41C4-AC07-7F0A9440EB1F}"
EndProject
Project("{FAE04EC0-301F-11D3-BF4B-00C04F79EFBC}") = "TalisScrapeWPF", "TalisScrapeWPF\TalisScrapeWPF.csproj", "{405DF8E6-59F3-4F00-A76B-AE10440C8CB8}"
EndProject
Global
	GlobalSection(SolutionConfigurationPlatforms) = preSolution
		Debug|Any CPU = Debug|Any CPU
		Release|Any CPU = Release|Any CPU
	EndGlobalSection
	GlobalSection(ProjectConfigurationPlatforms) = postSolution
		{32C028A8-0520-4E6F-9BB6-FD78A102B931}.Debug|Any CPU.ActiveCfg = Debug|Any CPU
		{32C028A8-0520-4E6F-9BB6-FD78A102B931}.Debug|Any CPU.Build.0 = Debug|Any CPU
		{32C028A8-0520-4E6F-9BB6-FD78A102B931}.Release|Any CPU.ActiveCfg = Release|Any CPU
		{32C028A8-0520-4E6F-9BB6-FD78A102B931}.Release|Any CPU.Build.0 = Release|Any CPU
		{88829076-EB4F-4333-8FCF-74250436EECE}.Debug|Any CPU.ActiveCfg = Debug|Any CPU
		{88829076-EB4F-4333-8FCF-74250436EECE}.Debug|Any CPU.Build.0 = Debug|Any CPU
		{88829076-EB4F-4333-8FCF-74250436EECE}.Release|Any CPU.ActiveCfg = Release|Any CPU
		{88829076-EB4F-4333-8FCF-74250436EECE}.Release|Any CPU.Build.0 = Release|Any CPU
		{99BB1500-761D-42AB-993F-74A90FA3129C}.Debug|Any CPU.ActiveCfg = Debug|Any CPU
		{99BB1500-761D-42AB-993F-74A90FA3129C}.Debug|Any CPU.Build.0 = Debug|Any CPU
		{99BB1500-761D-42AB-993F-74A90FA3129C}.Release|Any CPU.ActiveCfg = Release|Any CPU
		{99BB1500-761D-42AB-993F-74A90FA3129C}.Release|Any CPU.Build.0 = Release|Any CPU
		{54F0418B-3C09-48F8-A4E6-1AC029BCF039}.Debug|Any CPU.ActiveCfg = Debug|Any CPU
		{54F0418B-3C09-48F8-A4E6-1AC029BCF039}.Debug|Any CPU.Build.0 = Debug|Any CPU
		{54F0418B-3C09-48F8-A4E6-1AC029BCF039}.Release|Any CPU.ActiveCfg = Release|Any CPU
		{54F0418B-3C09-48F8-A4E6-1AC029BCF039}.Release|Any CPU.Build.0 = Release|Any CPU
		{24C88FB0-8DF0-4DBD-AD73-E4D5B2D172B6}.Debug|Any CPU.ActiveCfg = Debug|Any CPU
		{24C88FB0-8DF0-4DBD-AD73-E4D5B2D172B6}.Debug|Any CPU.Build.0 = Debug|Any CPU
		{24C88FB0-8DF0-4DBD-AD73-E4D5B2D172B6}.Release|Any CPU.ActiveCfg = Release|Any CPU
		{24C88FB0-8DF0-4DBD-AD73-E4D5B2D172B6}.Release|Any CPU.Build.0 = Release|Any CPU
		{65843AAE-8C18-41C4-AC07-7F0A9440EB1F}.Debug|Any CPU.ActiveCfg = Debug|Any CPU
		{65843AAE-8C18-41C4-AC07-7F0A9440EB1F}.Debug|Any CPU.Build.0 = Debug|Any CPU
		{65843AAE-8C18-41C4-AC07-7F0A9440EB1F}.Release|Any CPU.ActiveCfg = Release|Any CPU
		{65843AAE-8C18-41C4-AC07-7F0A9440EB1F}.Release|Any CPU.Build.0 = Release|Any CPU
		{405DF8E6-59F3-4F00-A76B-AE10440C8CB8}.Debug|Any CPU.ActiveCfg = Debug|Any CPU
		{405DF8E6-59F3-4F00-A76B-AE10440C8CB8}.Debug|Any CPU.Build.0 = Debug|Any CPU
		{405DF8E6-59F3-4F00-A76B-AE10440C8CB8}.Release|Any CPU.ActiveCfg = Release|Any CPU
		{405DF8E6-59F3-4F00-A76B-AE10440C8CB8}.Release|Any CPU.Build.0 = Release|Any CPU
	EndGlobalSection
	GlobalSection(SolutionProperties) = preSolution
		HideSolutionNode = FALSE
	EndGlobalSection
EndGlobal
